
Microsoft Visual Studio Solution File, Format Version 12.00
# Visual Studio Version 16
VisualStudioVersion = 16.0.30907.101
MinimumVisualStudioVersion = 10.0.40219.1
Project("{9A19103F-16F7-4668-BE54-9A1E7A4F7556}") = "DataAccess", "DataAccess\DataAccess.csproj", "{403FDCF7-DE87-4CE3-9177-23290EFD5393}"
EndProject
Project("{9A19103F-16F7-4668-BE54-9A1E7A4F7556}") = "Business", "Business\Business.csproj", "{CF8A4B62-7EE5-4FAC-AF4A-DC3EFEDFEAA1}"
EndProject
Project("{9A19103F-16F7-4668-BE54-9A1E7A4F7556}") = "Entities", "Entities\Entities.csproj", "{4F12E924-D7D4-469E-9932-0FA4A8E302FE}"
EndProject
Project("{9A19103F-16F7-4668-BE54-9A1E7A4F7556}") = "ConsoleUI", "ConsoleUI\ConsoleUI.csproj", "{97B282C8-2481-4D55-B248-D82B99689CE6}"
EndProject
Project("{9A19103F-16F7-4668-BE54-9A1E7A4F7556}") = "Core", "Core\Core.csproj", "{06354C51-1FD2-4519-A27F-89BEE9D488AF}"
EndProject
Project("{FAE04EC0-301F-11D3-BF4B-00C04F79EFBC}") = "WebAPI", "WebAPI\WebAPI.csproj", "{603609AB-3ABB-4D48-91AB-BA1851E1E019}"
EndProject
Global
	GlobalSection(SolutionConfigurationPlatforms) = preSolution
		Debug|Any CPU = Debug|Any CPU
		Release|Any CPU = Release|Any CPU
	EndGlobalSection
	GlobalSection(ProjectConfigurationPlatforms) = postSolution
		{403FDCF7-DE87-4CE3-9177-23290EFD5393}.Debug|Any CPU.ActiveCfg = Debug|Any CPU
		{403FDCF7-DE87-4CE3-9177-23290EFD5393}.Debug|Any CPU.Build.0 = Debug|Any CPU
		{403FDCF7-DE87-4CE3-9177-23290EFD5393}.Release|Any CPU.ActiveCfg = Release|Any CPU
		{403FDCF7-DE87-4CE3-9177-23290EFD5393}.Release|Any CPU.Build.0 = Release|Any CPU
		{CF8A4B62-7EE5-4FAC-AF4A-DC3EFEDFEAA1}.Debug|Any CPU.ActiveCfg = Debug|Any CPU
		{CF8A4B62-7EE5-4FAC-AF4A-DC3EFEDFEAA1}.Debug|Any CPU.Build.0 = Debug|Any CPU
		{CF8A4B62-7EE5-4FAC-AF4A-DC3EFEDFEAA1}.Release|Any CPU.ActiveCfg = Release|Any CPU
		{CF8A4B62-7EE5-4FAC-AF4A-DC3EFEDFEAA1}.Release|Any CPU.Build.0 = Release|Any CPU
		{4F12E924-D7D4-469E-9932-0FA4A8E302FE}.Debug|Any CPU.ActiveCfg = Debug|Any CPU
		{4F12E924-D7D4-469E-9932-0FA4A8E302FE}.Debug|Any CPU.Build.0 = Debug|Any CPU
		{4F12E924-D7D4-469E-9932-0FA4A8E302FE}.Release|Any CPU.ActiveCfg = Release|Any CPU
		{4F12E924-D7D4-469E-9932-0FA4A8E302FE}.Release|Any CPU.Build.0 = Release|Any CPU
		{97B282C8-2481-4D55-B248-D82B99689CE6}.Debug|Any CPU.ActiveCfg = Debug|Any CPU
		{97B282C8-2481-4D55-B248-D82B99689CE6}.Debug|Any CPU.Build.0 = Debug|Any CPU
		{97B282C8-2481-4D55-B248-D82B99689CE6}.Release|Any CPU.ActiveCfg = Release|Any CPU
		{97B282C8-2481-4D55-B248-D82B99689CE6}.Release|Any CPU.Build.0 = Release|Any CPU
		{06354C51-1FD2-4519-A27F-89BEE9D488AF}.Debug|Any CPU.ActiveCfg = Debug|Any CPU
		{06354C51-1FD2-4519-A27F-89BEE9D488AF}.Debug|Any CPU.Build.0 = Debug|Any CPU
		{06354C51-1FD2-4519-A27F-89BEE9D488AF}.Release|Any CPU.ActiveCfg = Release|Any CPU
		{06354C51-1FD2-4519-A27F-89BEE9D488AF}.Release|Any CPU.Build.0 = Release|Any CPU
		{603609AB-3ABB-4D48-91AB-BA1851E1E019}.Debug|Any CPU.ActiveCfg = Debug|Any CPU
		{603609AB-3ABB-4D48-91AB-BA1851E1E019}.Debug|Any CPU.Build.0 = Debug|Any CPU
		{603609AB-3ABB-4D48-91AB-BA1851E1E019}.Release|Any CPU.ActiveCfg = Release|Any CPU
		{603609AB-3ABB-4D48-91AB-BA1851E1E019}.Release|Any CPU.Build.0 = Release|Any CPU
	EndGlobalSection
	GlobalSection(SolutionProperties) = preSolution
		HideSolutionNode = FALSE
	EndGlobalSection
	GlobalSection(ExtensibilityGlobals) = postSolution
		SolutionGuid = {D0CBC6CE-925A-43C5-BA4A-3E71FD197879}
	EndGlobalSection
EndGlobal
